// !$*UTF8*$!
{
	archiveVersion = 1;
	classes = {
	};
	objectVersion = 56;
	objects = {

/* Begin PBXBuildFile section */
		A268E5FD2A7C16EB00837076 /* CustomTextField.swift in Sources */ = {isa = PBXBuildFile; fileRef = A268E5FC2A7C16EB00837076 /* CustomTextField.swift */; };
		A2C85B0B2A7BDD0000B3BAC2 /* LoginController.swift in Sources */ = {isa = PBXBuildFile; fileRef = A2C85B0A2A7BDD0000B3BAC2 /* LoginController.swift */; };
		A2C85B0D2A7BDD1000B3BAC2 /* RegistrationController.swift in Sources */ = {isa = PBXBuildFile; fileRef = A2C85B0C2A7BDD1000B3BAC2 /* RegistrationController.swift */; };
		A2C937492A82A22B00756165 /* AuthenticationViewModel.swift in Sources */ = {isa = PBXBuildFile; fileRef = A2C937482A82A22B00756165 /* AuthenticationViewModel.swift */; };
		A2F08F672A7ACEDB00EEDFE5 /* AppDelegate.swift in Sources */ = {isa = PBXBuildFile; fileRef = A2F08F662A7ACEDB00EEDFE5 /* AppDelegate.swift */; };
		A2F08F692A7ACEDB00EEDFE5 /* SceneDelegate.swift in Sources */ = {isa = PBXBuildFile; fileRef = A2F08F682A7ACEDB00EEDFE5 /* SceneDelegate.swift */; };
		A2F08F6B2A7ACEDB00EEDFE5 /* ViewController.swift in Sources */ = {isa = PBXBuildFile; fileRef = A2F08F6A2A7ACEDB00EEDFE5 /* ViewController.swift */; };
		A2F08F6E2A7ACEDB00EEDFE5 /* Main.storyboard in Resources */ = {isa = PBXBuildFile; fileRef = A2F08F6C2A7ACEDB00EEDFE5 /* Main.storyboard */; };
		A2F08F702A7ACEDD00EEDFE5 /* Assets.xcassets in Resources */ = {isa = PBXBuildFile; fileRef = A2F08F6F2A7ACEDD00EEDFE5 /* Assets.xcassets */; };
		A2F08F732A7ACEDD00EEDFE5 /* LaunchScreen.storyboard in Resources */ = {isa = PBXBuildFile; fileRef = A2F08F712A7ACEDD00EEDFE5 /* LaunchScreen.storyboard */; };
		A2F08F822A7AD06A00EEDFE5 /* MainTabController.swift in Sources */ = {isa = PBXBuildFile; fileRef = A2F08F812A7AD06A00EEDFE5 /* MainTabController.swift */; };
		A2F08F842A7AD22600EEDFE5 /* FeedController.swift in Sources */ = {isa = PBXBuildFile; fileRef = A2F08F832A7AD22600EEDFE5 /* FeedController.swift */; };
		A2F08F862A7AD25100EEDFE5 /* SearchController.swift in Sources */ = {isa = PBXBuildFile; fileRef = A2F08F852A7AD25100EEDFE5 /* SearchController.swift */; };
		A2F08F882A7AD26400EEDFE5 /* ImageSelectorController.swift in Sources */ = {isa = PBXBuildFile; fileRef = A2F08F872A7AD26400EEDFE5 /* ImageSelectorController.swift */; };
		A2F08F8A2A7AD27600EEDFE5 /* NotificationsController.swift in Sources */ = {isa = PBXBuildFile; fileRef = A2F08F892A7AD27600EEDFE5 /* NotificationsController.swift */; };
		A2F08F8C2A7AD28500EEDFE5 /* ProfileController.swift in Sources */ = {isa = PBXBuildFile; fileRef = A2F08F8B2A7AD28500EEDFE5 /* ProfileController.swift */; };
		A2F08FB02A7B089A00EEDFE5 /* FeedCell.swift in Sources */ = {isa = PBXBuildFile; fileRef = A2F08FAF2A7B089A00EEDFE5 /* FeedCell.swift */; };
		A2F08FB52A7B0A9A00EEDFE5 /* UIViewController.swift in Sources */ = {isa = PBXBuildFile; fileRef = A2F08FB42A7B0A9A00EEDFE5 /* UIViewController.swift */; };
		A2F08FB72A7B0AF600EEDFE5 /* UIButton.swift in Sources */ = {isa = PBXBuildFile; fileRef = A2F08FB62A7B0AF600EEDFE5 /* UIButton.swift */; };
		A2F08FB92A7B0B2C00EEDFE5 /* UIView.swift in Sources */ = {isa = PBXBuildFile; fileRef = A2F08FB82A7B0B2C00EEDFE5 /* UIView.swift */; };
/* End PBXBuildFile section */

/* Begin PBXFileReference section */
		A268E5FC2A7C16EB00837076 /* CustomTextField.swift */ = {isa = PBXFileReference; lastKnownFileType = sourcecode.swift; path = CustomTextField.swift; sourceTree = "<group>"; };
		A2C85B0A2A7BDD0000B3BAC2 /* LoginController.swift */ = {isa = PBXFileReference; lastKnownFileType = sourcecode.swift; path = LoginController.swift; sourceTree = "<group>"; };
		A2C85B0C2A7BDD1000B3BAC2 /* RegistrationController.swift */ = {isa = PBXFileReference; lastKnownFileType = sourcecode.swift; path = RegistrationController.swift; sourceTree = "<group>"; };
		A2C937482A82A22B00756165 /* AuthenticationViewModel.swift */ = {isa = PBXFileReference; lastKnownFileType = sourcecode.swift; path = AuthenticationViewModel.swift; sourceTree = "<group>"; };
		A2F08F632A7ACEDB00EEDFE5 /* PhotosApp.app */ = {isa = PBXFileReference; explicitFileType = wrapper.application; includeInIndex = 0; path = PhotosApp.app; sourceTree = BUILT_PRODUCTS_DIR; };
		A2F08F662A7ACEDB00EEDFE5 /* AppDelegate.swift */ = {isa = PBXFileReference; lastKnownFileType = sourcecode.swift; path = AppDelegate.swift; sourceTree = "<group>"; };
		A2F08F682A7ACEDB00EEDFE5 /* SceneDelegate.swift */ = {isa = PBXFileReference; lastKnownFileType = sourcecode.swift; path = SceneDelegate.swift; sourceTree = "<group>"; };
		A2F08F6A2A7ACEDB00EEDFE5 /* ViewController.swift */ = {isa = PBXFileReference; lastKnownFileType = sourcecode.swift; path = ViewController.swift; sourceTree = "<group>"; };
		A2F08F6D2A7ACEDB00EEDFE5 /* Base */ = {isa = PBXFileReference; lastKnownFileType = file.storyboard; name = Base; path = Base.lproj/Main.storyboard; sourceTree = "<group>"; };
		A2F08F6F2A7ACEDD00EEDFE5 /* Assets.xcassets */ = {isa = PBXFileReference; lastKnownFileType = folder.assetcatalog; path = Assets.xcassets; sourceTree = "<group>"; };
		A2F08F722A7ACEDD00EEDFE5 /* Base */ = {isa = PBXFileReference; lastKnownFileType = file.storyboard; name = Base; path = Base.lproj/LaunchScreen.storyboard; sourceTree = "<group>"; };
		A2F08F742A7ACEDD00EEDFE5 /* Info.plist */ = {isa = PBXFileReference; lastKnownFileType = text.plist.xml; path = Info.plist; sourceTree = "<group>"; };
		A2F08F812A7AD06A00EEDFE5 /* MainTabController.swift */ = {isa = PBXFileReference; lastKnownFileType = sourcecode.swift; path = MainTabController.swift; sourceTree = "<group>"; };
		A2F08F832A7AD22600EEDFE5 /* FeedController.swift */ = {isa = PBXFileReference; lastKnownFileType = sourcecode.swift; path = FeedController.swift; sourceTree = "<group>"; };
		A2F08F852A7AD25100EEDFE5 /* SearchController.swift */ = {isa = PBXFileReference; lastKnownFileType = sourcecode.swift; path = SearchController.swift; sourceTree = "<group>"; };
		A2F08F872A7AD26400EEDFE5 /* ImageSelectorController.swift */ = {isa = PBXFileReference; lastKnownFileType = sourcecode.swift; path = ImageSelectorController.swift; sourceTree = "<group>"; };
		A2F08F892A7AD27600EEDFE5 /* NotificationsController.swift */ = {isa = PBXFileReference; lastKnownFileType = sourcecode.swift; path = NotificationsController.swift; sourceTree = "<group>"; };
		A2F08F8B2A7AD28500EEDFE5 /* ProfileController.swift */ = {isa = PBXFileReference; lastKnownFileType = sourcecode.swift; path = ProfileController.swift; sourceTree = "<group>"; };
		A2F08FAF2A7B089A00EEDFE5 /* FeedCell.swift */ = {isa = PBXFileReference; lastKnownFileType = sourcecode.swift; path = FeedCell.swift; sourceTree = "<group>"; };
		A2F08FB42A7B0A9A00EEDFE5 /* UIViewController.swift */ = {isa = PBXFileReference; lastKnownFileType = sourcecode.swift; path = UIViewController.swift; sourceTree = "<group>"; };
		A2F08FB62A7B0AF600EEDFE5 /* UIButton.swift */ = {isa = PBXFileReference; lastKnownFileType = sourcecode.swift; path = UIButton.swift; sourceTree = "<group>"; };
		A2F08FB82A7B0B2C00EEDFE5 /* UIView.swift */ = {isa = PBXFileReference; lastKnownFileType = sourcecode.swift; path = UIView.swift; sourceTree = "<group>"; };
/* End PBXFileReference section */

/* Begin PBXFrameworksBuildPhase section */
		A2F08F602A7ACEDB00EEDFE5 /* Frameworks */ = {
			isa = PBXFrameworksBuildPhase;
			buildActionMask = 2147483647;
			files = (
			);
			runOnlyForDeploymentPostprocessing = 0;
		};
/* End PBXFrameworksBuildPhase section */

/* Begin PBXGroup section */
		A2C85B092A7BDCDD00B3BAC2 /* Authentication */ = {
			isa = PBXGroup;
			children = (
				A2C85B0A2A7BDD0000B3BAC2 /* LoginController.swift */,
				A2C85B0C2A7BDD1000B3BAC2 /* RegistrationController.swift */,
			);
			path = Authentication;
			sourceTree = "<group>";
		};
		A2F08F5A2A7ACEDB00EEDFE5 = {
			isa = PBXGroup;
			children = (
				A2F08F652A7ACEDB00EEDFE5 /* PhotosApp */,
				A2F08F642A7ACEDB00EEDFE5 /* Products */,
			);
			sourceTree = "<group>";
		};
		A2F08F642A7ACEDB00EEDFE5 /* Products */ = {
			isa = PBXGroup;
			children = (
				A2F08F632A7ACEDB00EEDFE5 /* PhotosApp.app */,
			);
			name = Products;
			sourceTree = "<group>";
		};
		A2F08F652A7ACEDB00EEDFE5 /* PhotosApp */ = {
			isa = PBXGroup;
			children = (
				A2F08F7A2A7ACEF600EEDFE5 /* Model */,
				A2F08F7B2A7ACF2C00EEDFE5 /* View */,
				A2F08F7C2A7ACF3000EEDFE5 /* ViewModel */,
				A2F08F7D2A7ACF3300EEDFE5 /* Controller */,
				A2F08F7E2A7ACF3500EEDFE5 /* API */,
				A2F08F802A7ACFD000EEDFE5 /* Utils */,
				A2F08F662A7ACEDB00EEDFE5 /* AppDelegate.swift */,
				A2F08F682A7ACEDB00EEDFE5 /* SceneDelegate.swift */,
				A2F08F6A2A7ACEDB00EEDFE5 /* ViewController.swift */,
				A2F08F6C2A7ACEDB00EEDFE5 /* Main.storyboard */,
				A2F08F6F2A7ACEDD00EEDFE5 /* Assets.xcassets */,
				A2F08F712A7ACEDD00EEDFE5 /* LaunchScreen.storyboard */,
				A2F08F742A7ACEDD00EEDFE5 /* Info.plist */,
			);
			path = PhotosApp;
			sourceTree = "<group>";
		};
		A2F08F7A2A7ACEF600EEDFE5 /* Model */ = {
			isa = PBXGroup;
			children = (
			);
			path = Model;
			sourceTree = "<group>";
		};
		A2F08F7B2A7ACF2C00EEDFE5 /* View */ = {
			isa = PBXGroup;
			children = (
				A268E5FC2A7C16EB00837076 /* CustomTextField.swift */,
				A2F08FAF2A7B089A00EEDFE5 /* FeedCell.swift */,
			);
			path = View;
			sourceTree = "<group>";
		};
		A2F08F7C2A7ACF3000EEDFE5 /* ViewModel */ = {
			isa = PBXGroup;
			children = (
				A2C937482A82A22B00756165 /* AuthenticationViewModel.swift */,
			);
			path = ViewModel;
			sourceTree = "<group>";
		};
		A2F08F7D2A7ACF3300EEDFE5 /* Controller */ = {
			isa = PBXGroup;
			children = (
				A2C85B092A7BDCDD00B3BAC2 /* Authentication */,
				A2F08F832A7AD22600EEDFE5 /* FeedController.swift */,
				A2F08F872A7AD26400EEDFE5 /* ImageSelectorController.swift */,
				A2F08F812A7AD06A00EEDFE5 /* MainTabController.swift */,
				A2F08F892A7AD27600EEDFE5 /* NotificationsController.swift */,
				A2F08F8B2A7AD28500EEDFE5 /* ProfileController.swift */,
				A2F08F852A7AD25100EEDFE5 /* SearchController.swift */,
			);
			path = Controller;
			sourceTree = "<group>";
		};
		A2F08F7E2A7ACF3500EEDFE5 /* API */ = {
			isa = PBXGroup;
			children = (
			);
			path = API;
			sourceTree = "<group>";
		};
		A2F08F802A7ACFD000EEDFE5 /* Utils */ = {
			isa = PBXGroup;
			children = (
				A2F08FB12A7B0A4200EEDFE5 /* Extensions */,
			);
			path = Utils;
			sourceTree = "<group>";
		};
		A2F08FB12A7B0A4200EEDFE5 /* Extensions */ = {
			isa = PBXGroup;
			children = (
				A2F08FB42A7B0A9A00EEDFE5 /* UIViewController.swift */,
				A2F08FB62A7B0AF600EEDFE5 /* UIButton.swift */,
				A2F08FB82A7B0B2C00EEDFE5 /* UIView.swift */,
			);
			path = Extensions;
			sourceTree = "<group>";
		};
/* End PBXGroup section */

/* Begin PBXNativeTarget section */
		A2F08F622A7ACEDB00EEDFE5 /* PhotosApp */ = {
			isa = PBXNativeTarget;
			buildConfigurationList = A2F08F772A7ACEDD00EEDFE5 /* Build configuration list for PBXNativeTarget "PhotosApp" */;
			buildPhases = (
				A2F08F5F2A7ACEDB00EEDFE5 /* Sources */,
				A2F08F602A7ACEDB00EEDFE5 /* Frameworks */,
				A2F08F612A7ACEDB00EEDFE5 /* Resources */,
			);
			buildRules = (
			);
			dependencies = (
			);
			name = PhotosApp;
			productName = PhotosApp;
			productReference = A2F08F632A7ACEDB00EEDFE5 /* PhotosApp.app */;
			productType = "com.apple.product-type.application";
		};
/* End PBXNativeTarget section */

/* Begin PBXProject section */
		A2F08F5B2A7ACEDB00EEDFE5 /* Project object */ = {
			isa = PBXProject;
			attributes = {
				BuildIndependentTargetsInParallel = 1;
				LastSwiftUpdateCheck = 1420;
				LastUpgradeCheck = 1420;
				TargetAttributes = {
					A2F08F622A7ACEDB00EEDFE5 = {
						CreatedOnToolsVersion = 14.2;
					};
				};
			};
			buildConfigurationList = A2F08F5E2A7ACEDB00EEDFE5 /* Build configuration list for PBXProject "PhotosApp" */;
			compatibilityVersion = "Xcode 14.0";
			developmentRegion = en;
			hasScannedForEncodings = 0;
			knownRegions = (
				en,
				Base,
			);
			mainGroup = A2F08F5A2A7ACEDB00EEDFE5;
			productRefGroup = A2F08F642A7ACEDB00EEDFE5 /* Products */;
			projectDirPath = "";
			projectRoot = "";
			targets = (
				A2F08F622A7ACEDB00EEDFE5 /* PhotosApp */,
			);
		};
/* End PBXProject section */

/* Begin PBXResourcesBuildPhase section */
		A2F08F612A7ACEDB00EEDFE5 /* Resources */ = {
			isa = PBXResourcesBuildPhase;
			buildActionMask = 2147483647;
			files = (
				A2F08F732A7ACEDD00EEDFE5 /* LaunchScreen.storyboard in Resources */,
				A2F08F702A7ACEDD00EEDFE5 /* Assets.xcassets in Resources */,
				A2F08F6E2A7ACEDB00EEDFE5 /* Main.storyboard in Resources */,
			);
			runOnlyForDeploymentPostprocessing = 0;
		};
/* End PBXResourcesBuildPhase section */

/* Begin PBXSourcesBuildPhase section */
		A2F08F5F2A7ACEDB00EEDFE5 /* Sources */ = {
			isa = PBXSourcesBuildPhase;
			buildActionMask = 2147483647;
			files = (
				A2F08F6B2A7ACEDB00EEDFE5 /* ViewController.swift in Sources */,
				A2F08FB72A7B0AF600EEDFE5 /* UIButton.swift in Sources */,
				A2C937492A82A22B00756165 /* AuthenticationViewModel.swift in Sources */,
				A2F08F882A7AD26400EEDFE5 /* ImageSelectorController.swift in Sources */,
				A2F08FB52A7B0A9A00EEDFE5 /* UIViewController.swift in Sources */,
				A268E5FD2A7C16EB00837076 /* CustomTextField.swift in Sources */,
				A2F08F862A7AD25100EEDFE5 /* SearchController.swift in Sources */,
				A2F08F672A7ACEDB00EEDFE5 /* AppDelegate.swift in Sources */,
				A2F08FB02A7B089A00EEDFE5 /* FeedCell.swift in Sources */,
				A2F08F842A7AD22600EEDFE5 /* FeedController.swift in Sources */,
				A2F08F8C2A7AD28500EEDFE5 /* ProfileController.swift in Sources */,
				A2F08FB92A7B0B2C00EEDFE5 /* UIView.swift in Sources */,
				A2F08F822A7AD06A00EEDFE5 /* MainTabController.swift in Sources */,
				A2F08F8A2A7AD27600EEDFE5 /* NotificationsController.swift in Sources */,
				A2F08F692A7ACEDB00EEDFE5 /* SceneDelegate.swift in Sources */,
				A2C85B0D2A7BDD1000B3BAC2 /* RegistrationController.swift in Sources */,
				A2C85B0B2A7BDD0000B3BAC2 /* LoginController.swift in Sources */,
			);
			runOnlyForDeploymentPostprocessing = 0;
		};
/* End PBXSourcesBuildPhase section */

/* Begin PBXVariantGroup section */
		A2F08F6C2A7ACEDB00EEDFE5 /* Main.storyboard */ = {
			isa = PBXVariantGroup;
			children = (
				A2F08F6D2A7ACEDB00EEDFE5 /* Base */,
			);
			name = Main.storyboard;
			sourceTree = "<group>";
		};
		A2F08F712A7ACEDD00EEDFE5 /* LaunchScreen.storyboard */ = {
			isa = PBXVariantGroup;
			children = (
				A2F08F722A7ACEDD00EEDFE5 /* Base */,
			);
			name = LaunchScreen.storyboard;
			sourceTree = "<group>";
		};
/* End PBXVariantGroup section */

/* Begin XCBuildConfiguration section */
		A2F08F752A7ACEDD00EEDFE5 /* Debug */ = {
			isa = XCBuildConfiguration;
			buildSettings = {
				ALWAYS_SEARCH_USER_PATHS = NO;
				CLANG_ANALYZER_NONNULL = YES;
				CLANG_ANALYZER_NUMBER_OBJECT_CONVERSION = YES_AGGRESSIVE;
				CLANG_CXX_LANGUAGE_STANDARD = "gnu++20";
				CLANG_ENABLE_MODULES = YES;
				CLANG_ENABLE_OBJC_ARC = YES;
				CLANG_ENABLE_OBJC_WEAK = YES;
				CLANG_WARN_BLOCK_CAPTURE_AUTORELEASING = YES;
				CLANG_WARN_BOOL_CONVERSION = YES;
				CLANG_WARN_COMMA = YES;
				CLANG_WARN_CONSTANT_CONVERSION = YES;
				CLANG_WARN_DEPRECATED_OBJC_IMPLEMENTATIONS = YES;
				CLANG_WARN_DIRECT_OBJC_ISA_USAGE = YES_ERROR;
				CLANG_WARN_DOCUMENTATION_COMMENTS = YES;
				CLANG_WARN_EMPTY_BODY = YES;
				CLANG_WARN_ENUM_CONVERSION = YES;
				CLANG_WARN_INFINITE_RECURSION = YES;
				CLANG_WARN_INT_CONVERSION = YES;
				CLANG_WARN_NON_LITERAL_NULL_CONVERSION = YES;
				CLANG_WARN_OBJC_IMPLICIT_RETAIN_SELF = YES;
				CLANG_WARN_OBJC_LITERAL_CONVERSION = YES;
				CLANG_WARN_OBJC_ROOT_CLASS = YES_ERROR;
				CLANG_WARN_QUOTED_INCLUDE_IN_FRAMEWORK_HEADER = YES;
				CLANG_WARN_RANGE_LOOP_ANALYSIS = YES;
				CLANG_WARN_STRICT_PROTOTYPES = YES;
				CLANG_WARN_SUSPICIOUS_MOVE = YES;
				CLANG_WARN_UNGUARDED_AVAILABILITY = YES_AGGRESSIVE;
				CLANG_WARN_UNREACHABLE_CODE = YES;
				CLANG_WARN__DUPLICATE_METHOD_MATCH = YES;
				COPY_PHASE_STRIP = NO;
				DEBUG_INFORMATION_FORMAT = dwarf;
				ENABLE_STRICT_OBJC_MSGSEND = YES;
				ENABLE_TESTABILITY = YES;
				GCC_C_LANGUAGE_STANDARD = gnu11;
				GCC_DYNAMIC_NO_PIC = NO;
				GCC_NO_COMMON_BLOCKS = YES;
				GCC_OPTIMIZATION_LEVEL = 0;
				GCC_PREPROCESSOR_DEFINITIONS = (
					"DEBUG=1",
					"$(inherited)",
				);
				GCC_WARN_64_TO_32_BIT_CONVERSION = YES;
				GCC_WARN_ABOUT_RETURN_TYPE = YES_ERROR;
				GCC_WARN_UNDECLARED_SELECTOR = YES;
				GCC_WARN_UNINITIALIZED_AUTOS = YES_AGGRESSIVE;
				GCC_WARN_UNUSED_FUNCTION = YES;
				GCC_WARN_UNUSED_VARIABLE = YES;
				IPHONEOS_DEPLOYMENT_TARGET = 16.2;
				MTL_ENABLE_DEBUG_INFO = INCLUDE_SOURCE;
				MTL_FAST_MATH = YES;
				ONLY_ACTIVE_ARCH = YES;
				SDKROOT = iphoneos;
				SWIFT_ACTIVE_COMPILATION_CONDITIONS = DEBUG;
				SWIFT_OPTIMIZATION_LEVEL = "-Onone";
			};
			name = Debug;
		};
		A2F08F762A7ACEDD00EEDFE5 /* Release */ = {
			isa = XCBuildConfiguration;
			buildSettings = {
				ALWAYS_SEARCH_USER_PATHS = NO;
				CLANG_ANALYZER_NONNULL = YES;
				CLANG_ANALYZER_NUMBER_OBJECT_CONVERSION = YES_AGGRESSIVE;
				CLANG_CXX_LANGUAGE_STANDARD = "gnu++20";
				CLANG_ENABLE_MODULES = YES;
				CLANG_ENABLE_OBJC_ARC = YES;
				CLANG_ENABLE_OBJC_WEAK = YES;
				CLANG_WARN_BLOCK_CAPTURE_AUTORELEASING = YES;
				CLANG_WARN_BOOL_CONVERSION = YES;
				CLANG_WARN_COMMA = YES;
				CLANG_WARN_CONSTANT_CONVERSION = YES;
				CLANG_WARN_DEPRECATED_OBJC_IMPLEMENTATIONS = YES;
				CLANG_WARN_DIRECT_OBJC_ISA_USAGE = YES_ERROR;
				CLANG_WARN_DOCUMENTATION_COMMENTS = YES;
				CLANG_WARN_EMPTY_BODY = YES;
				CLANG_WARN_ENUM_CONVERSION = YES;
				CLANG_WARN_INFINITE_RECURSION = YES;
				CLANG_WARN_INT_CONVERSION = YES;
				CLANG_WARN_NON_LITERAL_NULL_CONVERSION = YES;
				CLANG_WARN_OBJC_IMPLICIT_RETAIN_SELF = YES;
				CLANG_WARN_OBJC_LITERAL_CONVERSION = YES;
				CLANG_WARN_OBJC_ROOT_CLASS = YES_ERROR;
				CLANG_WARN_QUOTED_INCLUDE_IN_FRAMEWORK_HEADER = YES;
				CLANG_WARN_RANGE_LOOP_ANALYSIS = YES;
				CLANG_WARN_STRICT_PROTOTYPES = YES;
				CLANG_WARN_SUSPICIOUS_MOVE = YES;
				CLANG_WARN_UNGUARDED_AVAILABILITY = YES_AGGRESSIVE;
				CLANG_WARN_UNREACHABLE_CODE = YES;
				CLANG_WARN__DUPLICATE_METHOD_MATCH = YES;
				COPY_PHASE_STRIP = NO;
				DEBUG_INFORMATION_FORMAT = "dwarf-with-dsym";
				ENABLE_NS_ASSERTIONS = NO;
				ENABLE_STRICT_OBJC_MSGSEND = YES;
				GCC_C_LANGUAGE_STANDARD = gnu11;
				GCC_NO_COMMON_BLOCKS = YES;
				GCC_WARN_64_TO_32_BIT_CONVERSION = YES;
				GCC_WARN_ABOUT_RETURN_TYPE = YES_ERROR;
				GCC_WARN_UNDECLARED_SELECTOR = YES;
				GCC_WARN_UNINITIALIZED_AUTOS = YES_AGGRESSIVE;
				GCC_WARN_UNUSED_FUNCTION = YES;
				GCC_WARN_UNUSED_VARIABLE = YES;
				IPHONEOS_DEPLOYMENT_TARGET = 16.2;
				MTL_ENABLE_DEBUG_INFO = NO;
				MTL_FAST_MATH = YES;
				SDKROOT = iphoneos;
				SWIFT_COMPILATION_MODE = wholemodule;
				SWIFT_OPTIMIZATION_LEVEL = "-O";
				VALIDATE_PRODUCT = YES;
			};
			name = Release;
		};
		A2F08F782A7ACEDD00EEDFE5 /* Debug */ = {
			isa = XCBuildConfiguration;
			buildSettings = {
				ASSETCATALOG_COMPILER_APPICON_NAME = AppIcon;
				ASSETCATALOG_COMPILER_GLOBAL_ACCENT_COLOR_NAME = AccentColor;
				CODE_SIGN_STYLE = Automatic;
				CURRENT_PROJECT_VERSION = 1;
				DEVELOPMENT_TEAM = HVQ73AB282;
				GENERATE_INFOPLIST_FILE = YES;
				INFOPLIST_FILE = PhotosApp/Info.plist;
				INFOPLIST_KEY_UIApplicationSupportsIndirectInputEvents = YES;
				INFOPLIST_KEY_UILaunchStoryboardName = LaunchScreen;
				INFOPLIST_KEY_UIMainStoryboardFile = Main;
				INFOPLIST_KEY_UISupportedInterfaceOrientations_iPad = "UIInterfaceOrientationPortrait UIInterfaceOrientationPortraitUpsideDown UIInterfaceOrientationLandscapeLeft UIInterfaceOrientationLandscapeRight";
				INFOPLIST_KEY_UISupportedInterfaceOrientations_iPhone = "UIInterfaceOrientationPortrait UIInterfaceOrientationLandscapeLeft UIInterfaceOrientationLandscapeRight";
				IPHONEOS_DEPLOYMENT_TARGET = 13.0;
				LD_RUNPATH_SEARCH_PATHS = (
					"$(inherited)",
					"@executable_path/Frameworks",
				);
				MARKETING_VERSION = 1.0;
				PRODUCT_BUNDLE_IDENTIFIER = com.barusso.PhotosApp;
				PRODUCT_NAME = "$(TARGET_NAME)";
				SWIFT_EMIT_LOC_STRINGS = YES;
				SWIFT_VERSION = 5.0;
				TARGETED_DEVICE_FAMILY = "1,2";
			};
			name = Debug;
		};
		A2F08F792A7ACEDD00EEDFE5 /* Release */ = {
			isa = XCBuildConfiguration;
			buildSettings = {
				ASSETCATALOG_COMPILER_APPICON_NAME = AppIcon;
				ASSETCATALOG_COMPILER_GLOBAL_ACCENT_COLOR_NAME = AccentColor;
				CODE_SIGN_STYLE = Automatic;
				CURRENT_PROJECT_VERSION = 1;
				DEVELOPMENT_TEAM = HVQ73AB282;
				GENERATE_INFOPLIST_FILE = YES;
				INFOPLIST_FILE = PhotosApp/Info.plist;
				INFOPLIST_KEY_UIApplicationSupportsIndirectInputEvents = YES;
				INFOPLIST_KEY_UILaunchStoryboardName = LaunchScreen;
				INFOPLIST_KEY_UIMainStoryboardFile = Main;
				INFOPLIST_KEY_UISupportedInterfaceOrientations_iPad = "UIInterfaceOrientationPortrait UIInterfaceOrientationPortraitUpsideDown UIInterfaceOrientationLandscapeLeft UIInterfaceOrientationLandscapeRight";
				INFOPLIST_KEY_UISupportedInterfaceOrientations_iPhone = "UIInterfaceOrientationPortrait UIInterfaceOrientationLandscapeLeft UIInterfaceOrientationLandscapeRight";
				IPHONEOS_DEPLOYMENT_TARGET = 13.0;
				LD_RUNPATH_SEARCH_PATHS = (
					"$(inherited)",
					"@executable_path/Frameworks",
				);
				MARKETING_VERSION = 1.0;
				PRODUCT_BUNDLE_IDENTIFIER = com.barusso.PhotosApp;
				PRODUCT_NAME = "$(TARGET_NAME)";
				SWIFT_EMIT_LOC_STRINGS = YES;
				SWIFT_VERSION = 5.0;
				TARGETED_DEVICE_FAMILY = "1,2";
			};
			name = Release;
		};
/* End XCBuildConfiguration section */

/* Begin XCConfigurationList section */
		A2F08F5E2A7ACEDB00EEDFE5 /* Build configuration list for PBXProject "PhotosApp" */ = {
			isa = XCConfigurationList;
			buildConfigurations = (
				A2F08F752A7ACEDD00EEDFE5 /* Debug */,
				A2F08F762A7ACEDD00EEDFE5 /* Release */,
			);
			defaultConfigurationIsVisible = 0;
			defaultConfigurationName = Release;
		};
		A2F08F772A7ACEDD00EEDFE5 /* Build configuration list for PBXNativeTarget "PhotosApp" */ = {
			isa = XCConfigurationList;
			buildConfigurations = (
				A2F08F782A7ACEDD00EEDFE5 /* Debug */,
				A2F08F792A7ACEDD00EEDFE5 /* Release */,
			);
			defaultConfigurationIsVisible = 0;
			defaultConfigurationName = Release;
		};
/* End XCConfigurationList section */
	};
	rootObject = A2F08F5B2A7ACEDB00EEDFE5 /* Project object */;
}
